
Microsoft Visual Studio Solution File, Format Version 12.00
# Visual Studio Version 17
VisualStudioVersion = 17.0.31903.59
MinimumVisualStudioVersion = 10.0.40219.1
Project("{FAE04EC0-301F-11D3-BF4B-00C04F79EFBC}") = "TestProject.Web", "TestProject.Web\TestProject.Web.csproj", "{FB34F429-1543-4C90-A2A2-D15241E82A62}"
EndProject
Project("{FAE04EC0-301F-11D3-BF4B-00C04F79EFBC}") = "Testproject.UnitTest", "Testproject.UnitTest\Testproject.UnitTest.csproj", "{9B5F320E-111F-4E8F-BD07-31A4147F4D92}"
EndProject
Global
	GlobalSection(SolutionConfigurationPlatforms) = preSolution
		Debug|Any CPU = Debug|Any CPU
		Release|Any CPU = Release|Any CPU
	EndGlobalSection
	GlobalSection(SolutionProperties) = preSolution
		HideSolutionNode = FALSE
	EndGlobalSection
	GlobalSection(ProjectConfigurationPlatforms) = postSolution
		{FB34F429-1543-4C90-A2A2-D15241E82A62}.Debug|Any CPU.ActiveCfg = Debug|Any CPU
		{FB34F429-1543-4C90-A2A2-D15241E82A62}.Debug|Any CPU.Build.0 = Debug|Any CPU
		{FB34F429-1543-4C90-A2A2-D15241E82A62}.Release|Any CPU.ActiveCfg = Release|Any CPU
		{FB34F429-1543-4C90-A2A2-D15241E82A62}.Release|Any CPU.Build.0 = Release|Any CPU
		{9B5F320E-111F-4E8F-BD07-31A4147F4D92}.Debug|Any CPU.ActiveCfg = Debug|Any CPU
		{9B5F320E-111F-4E8F-BD07-31A4147F4D92}.Debug|Any CPU.Build.0 = Debug|Any CPU
		{9B5F320E-111F-4E8F-BD07-31A4147F4D92}.Release|Any CPU.ActiveCfg = Release|Any CPU
		{9B5F320E-111F-4E8F-BD07-31A4147F4D92}.Release|Any CPU.Build.0 = Release|Any CPU
	EndGlobalSection
EndGlobal
